// !$*UTF8*$!
{
	archiveVersion = 1;
	classes = {
	};
	objectVersion = 46;
	objects = {

/* Begin PBXBuildFile section */
		CACC7C3B179ED29400516857 /* UIKit.framework in Frameworks */ = {isa = PBXBuildFile; fileRef = CACC7C3A179ED29400516857 /* UIKit.framework */; };
		CACC7C3D179ED29400516857 /* Foundation.framework in Frameworks */ = {isa = PBXBuildFile; fileRef = CACC7C3C179ED29400516857 /* Foundation.framework */; };
		CACC7C3F179ED29400516857 /* CoreGraphics.framework in Frameworks */ = {isa = PBXBuildFile; fileRef = CACC7C3E179ED29400516857 /* CoreGraphics.framework */; };
		CACC7C45179ED29400516857 /* InfoPlist.strings in Resources */ = {isa = PBXBuildFile; fileRef = CACC7C43179ED29400516857 /* InfoPlist.strings */; };
		CACC7C47179ED29400516857 /* main.m in Sources */ = {isa = PBXBuildFile; fileRef = CACC7C46179ED29400516857 /* main.m */; };
		CACC7C4B179ED29400516857 /* PwnAppDelegate.m in Sources */ = {isa = PBXBuildFile; fileRef = CACC7C4A179ED29400516857 /* PwnAppDelegate.m */; };
		CACC7C4D179ED29400516857 /* Default.png in Resources */ = {isa = PBXBuildFile; fileRef = CACC7C4C179ED29400516857 /* Default.png */; };
		CACC7C4F179ED29400516857 /* Default@2x.png in Resources */ = {isa = PBXBuildFile; fileRef = CACC7C4E179ED29400516857 /* Default@2x.png */; };
		CACC7C51179ED29400516857 /* Default-568h@2x.png in Resources */ = {isa = PBXBuildFile; fileRef = CACC7C50179ED29400516857 /* Default-568h@2x.png */; };
		CACC7C59179ED31100516857 /* ItemsViewController.m in Sources */ = {isa = PBXBuildFile; fileRef = CACC7C58179ED31100516857 /* ItemsViewController.m */; };
		CACC8011179ED68B00516857 /* BNRItemStore.m in Sources */ = {isa = PBXBuildFile; fileRef = CACC8010179ED68B00516857 /* BNRItemStore.m */; };
		CACC8013179EDF0600516857 /* BNRItem.m in Sources */ = {isa = PBXBuildFile; fileRef = CACC800E179ED66900516857 /* BNRItem.m */; };
/* End PBXBuildFile section */

/* Begin PBXFileReference section */
		CACC7C37179ED29400516857 /* Homepwner.app */ = {isa = PBXFileReference; explicitFileType = wrapper.application; includeInIndex = 0; path = Homepwner.app; sourceTree = BUILT_PRODUCTS_DIR; };
		CACC7C3A179ED29400516857 /* UIKit.framework */ = {isa = PBXFileReference; lastKnownFileType = wrapper.framework; name = UIKit.framework; path = System/Library/Frameworks/UIKit.framework; sourceTree = SDKROOT; };
		CACC7C3C179ED29400516857 /* Foundation.framework */ = {isa = PBXFileReference; lastKnownFileType = wrapper.framework; name = Foundation.framework; path = System/Library/Frameworks/Foundation.framework; sourceTree = SDKROOT; };
		CACC7C3E179ED29400516857 /* CoreGraphics.framework */ = {isa = PBXFileReference; lastKnownFileType = wrapper.framework; name = CoreGraphics.framework; path = System/Library/Frameworks/CoreGraphics.framework; sourceTree = SDKROOT; };
		CACC7C42179ED29400516857 /* Homepwner-Info.plist */ = {isa = PBXFileReference; lastKnownFileType = text.plist.xml; path = "Homepwner-Info.plist"; sourceTree = "<group>"; };
		CACC7C44179ED29400516857 /* en */ = {isa = PBXFileReference; lastKnownFileType = text.plist.strings; name = en; path = en.lproj/InfoPlist.strings; sourceTree = "<group>"; };
		CACC7C46179ED29400516857 /* main.m */ = {isa = PBXFileReference; lastKnownFileType = sourcecode.c.objc; path = main.m; sourceTree = "<group>"; };
		CACC7C48179ED29400516857 /* Homepwner-Prefix.pch */ = {isa = PBXFileReference; lastKnownFileType = sourcecode.c.h; path = "Homepwner-Prefix.pch"; sourceTree = "<group>"; };
		CACC7C49179ED29400516857 /* PwnAppDelegate.h */ = {isa = PBXFileReference; lastKnownFileType = sourcecode.c.h; path = PwnAppDelegate.h; sourceTree = "<group>"; };
		CACC7C4A179ED29400516857 /* PwnAppDelegate.m */ = {isa = PBXFileReference; lastKnownFileType = sourcecode.c.objc; path = PwnAppDelegate.m; sourceTree = "<group>"; };
		CACC7C4C179ED29400516857 /* Default.png */ = {isa = PBXFileReference; lastKnownFileType = image.png; path = Default.png; sourceTree = "<group>"; };
		CACC7C4E179ED29400516857 /* Default@2x.png */ = {isa = PBXFileReference; lastKnownFileType = image.png; path = "Default@2x.png"; sourceTree = "<group>"; };
		CACC7C50179ED29400516857 /* Default-568h@2x.png */ = {isa = PBXFileReference; lastKnownFileType = image.png; path = "Default-568h@2x.png"; sourceTree = "<group>"; };
		CACC7C57179ED31100516857 /* ItemsViewController.h */ = {isa = PBXFileReference; fileEncoding = 4; lastKnownFileType = sourcecode.c.h; path = ItemsViewController.h; sourceTree = "<group>"; };
		CACC7C58179ED31100516857 /* ItemsViewController.m */ = {isa = PBXFileReference; fileEncoding = 4; lastKnownFileType = sourcecode.c.objc; path = ItemsViewController.m; sourceTree = "<group>"; };
		CACC800D179ED66900516857 /* BNRItem.h */ = {isa = PBXFileReference; lastKnownFileType = sourcecode.c.h; name = BNRItem.h; path = Homepwner/BNRItem.h; sourceTree = "<group>"; };
		CACC800E179ED66900516857 /* BNRItem.m */ = {isa = PBXFileReference; lastKnownFileType = sourcecode.c.objc; name = BNRItem.m; path = Homepwner/BNRItem.m; sourceTree = "<group>"; };
		CACC800F179ED68B00516857 /* BNRItemStore.h */ = {isa = PBXFileReference; fileEncoding = 4; lastKnownFileType = sourcecode.c.h; path = BNRItemStore.h; sourceTree = "<group>"; };
		CACC8010179ED68B00516857 /* BNRItemStore.m */ = {isa = PBXFileReference; fileEncoding = 4; lastKnownFileType = sourcecode.c.objc; path = BNRItemStore.m; sourceTree = "<group>"; };
/* End PBXFileReference section */

/* Begin PBXFrameworksBuildPhase section */
		CACC7C34179ED29400516857 /* Frameworks */ = {
			isa = PBXFrameworksBuildPhase;
			buildActionMask = 2147483647;
			files = (
				CACC7C3B179ED29400516857 /* UIKit.framework in Frameworks */,
				CACC7C3D179ED29400516857 /* Foundation.framework in Frameworks */,
				CACC7C3F179ED29400516857 /* CoreGraphics.framework in Frameworks */,
			);
			runOnlyForDeploymentPostprocessing = 0;
		};
/* End PBXFrameworksBuildPhase section */

/* Begin PBXGroup section */
		CACC7C2E179ED29400516857 = {
			isa = PBXGroup;
			children = (
				CACC8012179ED6A700516857 /* classes */,
				CACC7C40179ED29400516857 /* Homepwner */,
				CACC7C39179ED29400516857 /* Frameworks */,
				CACC7C38179ED29400516857 /* Products */,
			);
			sourceTree = "<group>";
		};
		CACC7C38179ED29400516857 /* Products */ = {
			isa = PBXGroup;
			children = (
				CACC7C37179ED29400516857 /* Homepwner.app */,
			);
			name = Products;
			sourceTree = "<group>";
		};
		CACC7C39179ED29400516857 /* Frameworks */ = {
			isa = PBXGroup;
			children = (
				CACC7C3A179ED29400516857 /* UIKit.framework */,
				CACC7C3C179ED29400516857 /* Foundation.framework */,
				CACC7C3E179ED29400516857 /* CoreGraphics.framework */,
			);
			name = Frameworks;
			sourceTree = "<group>";
		};
		CACC7C40179ED29400516857 /* Homepwner */ = {
			isa = PBXGroup;
			children = (
				CACC7C49179ED29400516857 /* PwnAppDelegate.h */,
				CACC7C4A179ED29400516857 /* PwnAppDelegate.m */,
				CACC7C41179ED29400516857 /* Supporting Files */,
			);
			path = Homepwner;
			sourceTree = "<group>";
		};
		CACC7C41179ED29400516857 /* Supporting Files */ = {
			isa = PBXGroup;
			children = (
				CACC7C42179ED29400516857 /* Homepwner-Info.plist */,
				CACC7C43179ED29400516857 /* InfoPlist.strings */,
				CACC7C46179ED29400516857 /* main.m */,
				CACC7C48179ED29400516857 /* Homepwner-Prefix.pch */,
				CACC7C4C179ED29400516857 /* Default.png */,
				CACC7C4E179ED29400516857 /* Default@2x.png */,
				CACC7C50179ED29400516857 /* Default-568h@2x.png */,
			);
			name = "Supporting Files";
			sourceTree = "<group>";
		};
		CACC8012179ED6A700516857 /* classes */ = {
			isa = PBXGroup;
			children = (
				CACC800D179ED66900516857 /* BNRItem.h */,
				CACC800E179ED66900516857 /* BNRItem.m */,
				CACC800F179ED68B00516857 /* BNRItemStore.h */,
				CACC8010179ED68B00516857 /* BNRItemStore.m */,
				CACC7C57179ED31100516857 /* ItemsViewController.h */,
				CACC7C58179ED31100516857 /* ItemsViewController.m */,
			);
			name = classes;
			sourceTree = "<group>";
		};
/* End PBXGroup section */

/* Begin PBXNativeTarget section */
		CACC7C36179ED29400516857 /* Homepwner */ = {
			isa = PBXNativeTarget;
			buildConfigurationList = CACC7C54179ED29400516857 /* Build configuration list for PBXNativeTarget "Homepwner" */;
			buildPhases = (
				CACC7C33179ED29400516857 /* Sources */,
				CACC7C34179ED29400516857 /* Frameworks */,
				CACC7C35179ED29400516857 /* Resources */,
			);
			buildRules = (
			);
			dependencies = (
			);
			name = Homepwner;
			productName = Homepwner;
			productReference = CACC7C37179ED29400516857 /* Homepwner.app */;
			productType = "com.apple.product-type.application";
		};
/* End PBXNativeTarget section */

/* Begin PBXProject section */
		CACC7C2F179ED29400516857 /* Project object */ = {
			isa = PBXProject;
			attributes = {
				CLASSPREFIX = Pwn;
				LastUpgradeCheck = 0460;
				ORGANIZATIONNAME = ND;
			};
			buildConfigurationList = CACC7C32179ED29400516857 /* Build configuration list for PBXProject "Homepwner" */;
			compatibilityVersion = "Xcode 3.2";
			developmentRegion = English;
			hasScannedForEncodings = 0;
			knownRegions = (
				en,
			);
			mainGroup = CACC7C2E179ED29400516857;
			productRefGroup = CACC7C38179ED29400516857 /* Products */;
			projectDirPath = "";
			projectRoot = "";
			targets = (
				CACC7C36179ED29400516857 /* Homepwner */,
			);
		};
/* End PBXProject section */

/* Begin PBXResourcesBuildPhase section */
		CACC7C35179ED29400516857 /* Resources */ = {
			isa = PBXResourcesBuildPhase;
			buildActionMask = 2147483647;
			files = (
				CACC7C45179ED29400516857 /* InfoPlist.strings in Resources */,
				CACC7C4D179ED29400516857 /* Default.png in Resources */,
				CACC7C4F179ED29400516857 /* Default@2x.png in Resources */,
				CACC7C51179ED29400516857 /* Default-568h@2x.png in Resources */,
			);
			runOnlyForDeploymentPostprocessing = 0;
		};
/* End PBXResourcesBuildPhase section */

/* Begin PBXSourcesBuildPhase section */
		CACC7C33179ED29400516857 /* Sources */ = {
			isa = PBXSourcesBuildPhase;
			buildActionMask = 2147483647;
			files = (
				CACC7C47179ED29400516857 /* main.m in Sources */,
				CACC7C4B179ED29400516857 /* PwnAppDelegate.m in Sources */,
				CACC7C59179ED31100516857 /* ItemsViewController.m in Sources */,
				CACC8011179ED68B00516857 /* BNRItemStore.m in Sources */,
				CACC8013179EDF0600516857 /* BNRItem.m in Sources */,
			);
			runOnlyForDeploymentPostprocessing = 0;
		};
/* End PBXSourcesBuildPhase section */

/* Begin PBXVariantGroup section */
		CACC7C43179ED29400516857 /* InfoPlist.strings */ = {
			isa = PBXVariantGroup;
			children = (
				CACC7C44179ED29400516857 /* en */,
			);
			name = InfoPlist.strings;
			sourceTree = "<group>";
		};
/* End PBXVariantGroup section */

/* Begin XCBuildConfiguration section */
		CACC7C52179ED29400516857 /* Debug */ = {
			isa = XCBuildConfiguration;
			buildSettings = {
				ALWAYS_SEARCH_USER_PATHS = NO;
				CLANG_CXX_LANGUAGE_STANDARD = "gnu++0x";
				CLANG_CXX_LIBRARY = "libc++";
				CLANG_ENABLE_OBJC_ARC = YES;
				CLANG_WARN_CONSTANT_CONVERSION = YES;
				CLANG_WARN_EMPTY_BODY = YES;
				CLANG_WARN_ENUM_CONVERSION = YES;
				CLANG_WARN_INT_CONVERSION = YES;
				CLANG_WARN__DUPLICATE_METHOD_MATCH = YES;
				"CODE_SIGN_IDENTITY[sdk=iphoneos*]" = "iPhone Developer";
				COPY_PHASE_STRIP = NO;
				GCC_C_LANGUAGE_STANDARD = gnu99;
				GCC_DYNAMIC_NO_PIC = NO;
				GCC_OPTIMIZATION_LEVEL = 0;
				GCC_PREPROCESSOR_DEFINITIONS = (
					"DEBUG=1",
					"$(inherited)",
				);
				GCC_SYMBOLS_PRIVATE_EXTERN = NO;
				GCC_WARN_ABOUT_RETURN_TYPE = YES;
				GCC_WARN_UNINITIALIZED_AUTOS = YES;
				GCC_WARN_UNUSED_VARIABLE = YES;
				IPHONEOS_DEPLOYMENT_TARGET = 6.1;
				ONLY_ACTIVE_ARCH = YES;
				SDKROOT = iphoneos;
			};
			name = Debug;
		};
		CACC7C53179ED29400516857 /* Release */ = {
			isa = XCBuildConfiguration;
			buildSettings = {
				ALWAYS_SEARCH_USER_PATHS = NO;
				CLANG_CXX_LANGUAGE_STANDARD = "gnu++0x";
				CLANG_CXX_LIBRARY = "libc++";
				CLANG_ENABLE_OBJC_ARC = YES;
				CLANG_WARN_CONSTANT_CONVERSION = YES;
				CLANG_WARN_EMPTY_BODY = YES;
				CLANG_WARN_ENUM_CONVERSION = YES;
				CLANG_WARN_INT_CONVERSION = YES;
				CLANG_WARN__DUPLICATE_METHOD_MATCH = YES;
				"CODE_SIGN_IDENTITY[sdk=iphoneos*]" = "iPhone Developer";
				COPY_PHASE_STRIP = YES;
				GCC_C_LANGUAGE_STANDARD = gnu99;
				GCC_WARN_ABOUT_RETURN_TYPE = YES;
				GCC_WARN_UNINITIALIZED_AUTOS = YES;
				GCC_WARN_UNUSED_VARIABLE = YES;
				IPHONEOS_DEPLOYMENT_TARGET = 6.1;
				OTHER_CFLAGS = "-DNS_BLOCK_ASSERTIONS=1";
				SDKROOT = iphoneos;
				VALIDATE_PRODUCT = YES;
			};
			name = Release;
		};
		CACC7C55179ED29400516857 /* Debug */ = {
			isa = XCBuildConfiguration;
			buildSettings = {
				GCC_PRECOMPILE_PREFIX_HEADER = YES;
				GCC_PREFIX_HEADER = "Homepwner/Homepwner-Prefix.pch";
				INFOPLIST_FILE = "Homepwner/Homepwner-Info.plist";
				PRODUCT_NAME = "$(TARGET_NAME)";
				WRAPPER_EXTENSION = app;
			};
			name = Debug;
		};
		CACC7C56179ED29400516857 /* Release */ = {
			isa = XCBuildConfiguration;
			buildSettings = {
				GCC_PRECOMPILE_PREFIX_HEADER = YES;
				GCC_PREFIX_HEADER = "Homepwner/Homepwner-Prefix.pch";
				INFOPLIST_FILE = "Homepwner/Homepwner-Info.plist";
				PRODUCT_NAME = "$(TARGET_NAME)";
				WRAPPER_EXTENSION = app;
			};
			name = Release;
		};
/* End XCBuildConfiguration section */

/* Begin XCConfigurationList section */
		CACC7C32179ED29400516857 /* Build configuration list for PBXProject "Homepwner" */ = {
			isa = XCConfigurationList;
			buildConfigurations = (
				CACC7C52179ED29400516857 /* Debug */,
				CACC7C53179ED29400516857 /* Release */,
			);
			defaultConfigurationIsVisible = 0;
			defaultConfigurationName = Release;
		};
		CACC7C54179ED29400516857 /* Build configuration list for PBXNativeTarget "Homepwner" */ = {
			isa = XCConfigurationList;
			buildConfigurations = (
				CACC7C55179ED29400516857 /* Debug */,
				CACC7C56179ED29400516857 /* Release */,
			);
			defaultConfigurationIsVisible = 0;
		};
/* End XCConfigurationList section */
	};
	rootObject = CACC7C2F179ED29400516857 /* Project object */;
}
